Microsoft Visual Studio Solution File, Format Version 12.00
# Visual Studio Version 17
VisualStudioVersion = 17.5.2.0
MinimumVisualStudioVersion = 10.0.40219.1
Project("{FAE04EC0-301F-11D3-BF4B-00C04F79EFBC}") = "BookLibrary.Api", "BookLibrary.Api\BookLibrary.Api.csproj", "{5754DD4D-60D5-1B3E-6156-71AA600496CE}"
EndProject
Global
	GlobalSection(SolutionConfigurationPlatforms) = preSolution
		Debug|Any CPU = Debug|Any CPU
		Release|Any CPU = Release|Any CPU
	EndGlobalSection
	GlobalSection(ProjectConfigurationPlatforms) = postSolution
		{5754DD4D-60D5-1B3E-6156-71AA600496CE}.Debug|Any CPU.ActiveCfg = Debug|Any CPU
		{5754DD4D-60D5-1B3E-6156-71AA600496CE}.Debug|Any CPU.Build.0 = Debug|Any CPU
		{5754DD4D-60D5-1B3E-6156-71AA600496CE}.Release|Any CPU.ActiveCfg = Release|Any CPU
		{5754DD4D-60D5-1B3E-6156-71AA600496CE}.Release|Any CPU.Build.0 = Release|Any CPU
	EndGlobalSection
	GlobalSection(SolutionProperties) = preSolution
		HideSolutionNode = FALSE
	EndGlobalSection
	GlobalSection(ExtensibilityGlobals) = postSolution
		SolutionGuid = {DE459BAF-DAF1-4018-9248-FE30334AE5B0}
	EndGlobalSection
EndGlobal
